
Microsoft Visual Studio Solution File, Format Version 12.00
# Visual Studio Version 16
VisualStudioVersion = 16.0.31005.135
MinimumVisualStudioVersion = 10.0.40219.1
Project("{FAE04EC0-301F-11D3-BF4B-00C04F79EFBC}") = "ApiCalculadora", "ApiCalculadora\ApiCalculadora.csproj", "{D28C5766-B4AC-41DD-93BA-28994E2B57CA}"
EndProject
Global
	GlobalSection(SolutionConfigurationPlatforms) = preSolution
		Debug|Any CPU = Debug|Any CPU
		Release|Any CPU = Release|Any CPU
	EndGlobalSection
	GlobalSection(ProjectConfigurationPlatforms) = postSolution
		{D28C5766-B4AC-41DD-93BA-28994E2B57CA}.Debug|Any CPU.ActiveCfg = Debug|Any CPU
		{D28C5766-B4AC-41DD-93BA-28994E2B57CA}.Debug|Any CPU.Build.0 = Debug|Any CPU
		{D28C5766-B4AC-41DD-93BA-28994E2B57CA}.Release|Any CPU.ActiveCfg = Release|Any CPU
		{D28C5766-B4AC-41DD-93BA-28994E2B57CA}.Release|Any CPU.Build.0 = Release|Any CPU
	EndGlobalSection
	GlobalSection(SolutionProperties) = preSolution
		HideSolutionNode = FALSE
	EndGlobalSection
	GlobalSection(ExtensibilityGlobals) = postSolution
		SolutionGuid = {1E6E0D1F-B3E1-458D-ADCE-CBCF9AEFE134}
	EndGlobalSection
EndGlobal
